
Microsoft Visual Studio Solution File, Format Version 12.00
# Visual Studio Version 16
VisualStudioVersion = 16.0.29806.167
MinimumVisualStudioVersion = 10.0.40219.1
Project("{FAE04EC0-301F-11D3-BF4B-00C04F79EFBC}") = "Sample05", "Sample05\Sample05.csproj", "{173300A8-7F43-4268-8A83-34A74D4807E6}"
EndProject
Global
	GlobalSection(SolutionConfigurationPlatforms) = preSolution
		Debug|Any CPU = Debug|Any CPU
		Release|Any CPU = Release|Any CPU
	EndGlobalSection
	GlobalSection(ProjectConfigurationPlatforms) = postSolution
		{173300A8-7F43-4268-8A83-34A74D4807E6}.Debug|Any CPU.ActiveCfg = Debug|Any CPU
		{173300A8-7F43-4268-8A83-34A74D4807E6}.Debug|Any CPU.Build.0 = Debug|Any CPU
		{173300A8-7F43-4268-8A83-34A74D4807E6}.Release|Any CPU.ActiveCfg = Release|Any CPU
		{173300A8-7F43-4268-8A83-34A74D4807E6}.Release|Any CPU.Build.0 = Release|Any CPU
	EndGlobalSection
	GlobalSection(SolutionProperties) = preSolution
		HideSolutionNode = FALSE
	EndGlobalSection
	GlobalSection(ExtensibilityGlobals) = postSolution
		SolutionGuid = {20EC1B81-00E5-4433-95E4-940A9F6DBAEE}
	EndGlobalSection
EndGlobal
